
Microsoft Visual Studio Solution File, Format Version 12.00
# Visual Studio Version 17
VisualStudioVersion = 17.8.34408.163
MinimumVisualStudioVersion = 10.0.40219.1
Project("{9A19103F-16F7-4668-BE54-9A1E7A4F7556}") = "Classes", "Classes.csproj", "{71A82CE4-4C1D-459B-B311-883BD063D41B}"
EndProject
Project("{FAE04EC0-301F-11D3-BF4B-00C04F79EFBC}") = "Delegate", "..\Delegate\Delegate.csproj", "{EEFB46A7-C949-46B0-B2D1-594E292F52ED}"
EndProject
Project("{FAE04EC0-301F-11D3-BF4B-00C04F79EFBC}") = "Struct", "..\Struct\Struct.csproj", "{9A76EC06-BB9B-445B-A84B-DF5163B266CE}"
EndProject
Project("{FAE04EC0-301F-11D3-BF4B-00C04F79EFBC}") = "ClassesWithDelay", "..\ClassesWithWait\ClassesWithDelay.csproj", "{2B2AC345-14B6-415A-BBD9-D17180378BF7}"
EndProject
Global
	GlobalSection(SolutionConfigurationPlatforms) = preSolution
		Debug|Any CPU = Debug|Any CPU
		Release|Any CPU = Release|Any CPU
	EndGlobalSection
	GlobalSection(ProjectConfigurationPlatforms) = postSolution
		{71A82CE4-4C1D-459B-B311-883BD063D41B}.Debug|Any CPU.ActiveCfg = Debug|Any CPU
		{71A82CE4-4C1D-459B-B311-883BD063D41B}.Debug|Any CPU.Build.0 = Debug|Any CPU
		{71A82CE4-4C1D-459B-B311-883BD063D41B}.Release|Any CPU.ActiveCfg = Release|Any CPU
		{71A82CE4-4C1D-459B-B311-883BD063D41B}.Release|Any CPU.Build.0 = Release|Any CPU
		{EEFB46A7-C949-46B0-B2D1-594E292F52ED}.Debug|Any CPU.ActiveCfg = Debug|Any CPU
		{EEFB46A7-C949-46B0-B2D1-594E292F52ED}.Debug|Any CPU.Build.0 = Debug|Any CPU
		{EEFB46A7-C949-46B0-B2D1-594E292F52ED}.Release|Any CPU.ActiveCfg = Release|Any CPU
		{EEFB46A7-C949-46B0-B2D1-594E292F52ED}.Release|Any CPU.Build.0 = Release|Any CPU
		{9A76EC06-BB9B-445B-A84B-DF5163B266CE}.Debug|Any CPU.ActiveCfg = Debug|Any CPU
		{9A76EC06-BB9B-445B-A84B-DF5163B266CE}.Debug|Any CPU.Build.0 = Debug|Any CPU
		{9A76EC06-BB9B-445B-A84B-DF5163B266CE}.Release|Any CPU.ActiveCfg = Release|Any CPU
		{9A76EC06-BB9B-445B-A84B-DF5163B266CE}.Release|Any CPU.Build.0 = Release|Any CPU
		{2B2AC345-14B6-415A-BBD9-D17180378BF7}.Debug|Any CPU.ActiveCfg = Debug|Any CPU
		{2B2AC345-14B6-415A-BBD9-D17180378BF7}.Debug|Any CPU.Build.0 = Debug|Any CPU
		{2B2AC345-14B6-415A-BBD9-D17180378BF7}.Release|Any CPU.ActiveCfg = Release|Any CPU
		{2B2AC345-14B6-415A-BBD9-D17180378BF7}.Release|Any CPU.Build.0 = Release|Any CPU
	EndGlobalSection
	GlobalSection(SolutionProperties) = preSolution
		HideSolutionNode = FALSE
	EndGlobalSection
	GlobalSection(ExtensibilityGlobals) = postSolution
		SolutionGuid = {F0B5EA82-73B6-43D0-A330-55090D3D2998}
	EndGlobalSection
EndGlobal
